
Microsoft Visual Studio Solution File, Format Version 12.00
# Visual Studio Version 17
VisualStudioVersion = 17.9.34701.34
MinimumVisualStudioVersion = 10.0.40219.1
Project("{FAE04EC0-301F-11D3-BF4B-00C04F79EFBC}") = "BookStoreAPI", "BookStoreAPI\BookStoreAPI.csproj", "{5B17D35C-AC74-49E8-8461-6A4B0CCCEA1B}"
EndProject
Project("{FAE04EC0-301F-11D3-BF4B-00C04F79EFBC}") = "RepositoryLayer", "RepositoryLayer\RepositoryLayer.csproj", "{35B19697-E782-4F1E-97AA-67F7AF5A99F1}"
EndProject
Project("{FAE04EC0-301F-11D3-BF4B-00C04F79EFBC}") = "ModelLayer", "ModelLayer\ModelLayer.csproj", "{302F347E-51FE-47A7-AB4D-33320B4A43D2}"
EndProject
Project("{FAE04EC0-301F-11D3-BF4B-00C04F79EFBC}") = "BusinessLayer", "BusinessLayer\BusinessLayer.csproj", "{DFB5498A-4F1E-483F-820D-F1AA6709FAA1}"
EndProject
Global
	GlobalSection(SolutionConfigurationPlatforms) = preSolution
		Debug|Any CPU = Debug|Any CPU
		Release|Any CPU = Release|Any CPU
	EndGlobalSection
	GlobalSection(ProjectConfigurationPlatforms) = postSolution
		{5B17D35C-AC74-49E8-8461-6A4B0CCCEA1B}.Debug|Any CPU.ActiveCfg = Debug|Any CPU
		{5B17D35C-AC74-49E8-8461-6A4B0CCCEA1B}.Debug|Any CPU.Build.0 = Debug|Any CPU
		{5B17D35C-AC74-49E8-8461-6A4B0CCCEA1B}.Release|Any CPU.ActiveCfg = Release|Any CPU
		{5B17D35C-AC74-49E8-8461-6A4B0CCCEA1B}.Release|Any CPU.Build.0 = Release|Any CPU
		{35B19697-E782-4F1E-97AA-67F7AF5A99F1}.Debug|Any CPU.ActiveCfg = Debug|Any CPU
		{35B19697-E782-4F1E-97AA-67F7AF5A99F1}.Debug|Any CPU.Build.0 = Debug|Any CPU
		{35B19697-E782-4F1E-97AA-67F7AF5A99F1}.Release|Any CPU.ActiveCfg = Release|Any CPU
		{35B19697-E782-4F1E-97AA-67F7AF5A99F1}.Release|Any CPU.Build.0 = Release|Any CPU
		{302F347E-51FE-47A7-AB4D-33320B4A43D2}.Debug|Any CPU.ActiveCfg = Debug|Any CPU
		{302F347E-51FE-47A7-AB4D-33320B4A43D2}.Debug|Any CPU.Build.0 = Debug|Any CPU
		{302F347E-51FE-47A7-AB4D-33320B4A43D2}.Release|Any CPU.ActiveCfg = Release|Any CPU
		{302F347E-51FE-47A7-AB4D-33320B4A43D2}.Release|Any CPU.Build.0 = Release|Any CPU
		{DFB5498A-4F1E-483F-820D-F1AA6709FAA1}.Debug|Any CPU.ActiveCfg = Debug|Any CPU
		{DFB5498A-4F1E-483F-820D-F1AA6709FAA1}.Debug|Any CPU.Build.0 = Debug|Any CPU
		{DFB5498A-4F1E-483F-820D-F1AA6709FAA1}.Release|Any CPU.ActiveCfg = Release|Any CPU
		{DFB5498A-4F1E-483F-820D-F1AA6709FAA1}.Release|Any CPU.Build.0 = Release|Any CPU
	EndGlobalSection
	GlobalSection(SolutionProperties) = preSolution
		HideSolutionNode = FALSE
	EndGlobalSection
	GlobalSection(ExtensibilityGlobals) = postSolution
		SolutionGuid = {F3263BC2-8764-4AF8-9DCB-E059B98995FE}
	EndGlobalSection
EndGlobal
